{
  "version": "2",
  "remote": {},
  "npm": {
    "specifiers": {
      "pyodide@0.23.1": "pyodide@0.23.1"
    },
    "packages": {
      "base-64@1.0.0": {
        "integrity": "sha512-kwDPIFCGx0NZHog36dj+tHiwP4QMzsZ3AgMViUBKI0+V5n4U0ufTCUMhnQ04diaRI8EX/QcPfql7zlhZ7j4zgg==",
        "dependencies": {}
      },
      "node-fetch@2.6.9": {
        "integrity": "sha512-DJm/CJkZkRjKKj4Zi4BsKVZh3ValV5IR5s7LVZnW+6YMh0W1BfNA8XSs6DLMGYlId5F3KnA70uu2qepcR08Qqg==",
        "dependencies": {
          "whatwg-url": "whatwg-url@5.0.0"
        }
      },
      "pyodide@0.23.1": {
        "integrity": "sha512-GVPZNpkj/OaZb6cT0+j4askNHByIfF/CM4gTapOziKu8bgQ+VwVCG5ZB4aQVmyOmHLFJjWXNOGWuzigjZn7FDQ==",
        "dependencies": {
          "base-64": "base-64@1.0.0",
          "node-fetch": "node-fetch@2.6.9",
          "ws": "ws@8.13.0"
        }
      },
      "tr46@0.0.3": {
        "integrity": "sha512-N3WMsuqV66lT30CrXNbEjx4GEwlow3v6rr4mCcv6prnfwhS01rkgyFdjPNBYd9br7LpXV1+Emh01fHnq2Gdgrw==",
        "dependencies": {}
      },
      "webidl-conversions@3.0.1": {
        "integrity": "sha512-2JAn3z8AR6rjK8Sm8orRC0h/bcl/DqL7tRPdGZ4I1CjdF+EaMLmYxBHyXuKL849eucPFhvBoxMsflfOb8kxaeQ==",
        "dependencies": {}
      },
      "whatwg-url@5.0.0": {
        "integrity": "sha512-saE57nupxk6v3HY35+jzBwYa0rKSy0XR8JSxZPwgLr7ys0IBzhGviA1/TUGJLmSVqs8pb9AnvICXEuOHLprYTw==",
        "dependencies": {
          "tr46": "tr46@0.0.3",
          "webidl-conversions": "webidl-conversions@3.0.1"
        }
      },
      "ws@8.13.0": {
        "integrity": "sha512-x9vcZYTrFPC7aSIbj7sRCYo7L/Xb8Iy+pW0ng0wt2vCJv7M9HOMy0UoN3rr+IFC7hb7vXoqS+P9ktyLLLhO+LA==",
        "dependencies": {}
      }
    }
  }
}
